
Microsoft Visual Studio Solution File, Format Version 12.00
Project("{FAE04EC0-301F-11D3-BF4B-00C04F79EFBC}") = "LabWork23", "LabWork23\LabWork23.csproj", "{96D0FE57-2862-40FB-BEE5-07E8C93B42B9}"
EndProject
Project("{FAE04EC0-301F-11D3-BF4B-00C04F79EFBC}") = "LabWorkLibrary", "LabWorkLibrary\LabWorkLibrary.csproj", "{D57C1F43-E5A3-457E-8FC7-D09F74E4955C}"
EndProject
Global
	GlobalSection(SolutionConfigurationPlatforms) = preSolution
		Debug|Any CPU = Debug|Any CPU
		Release|Any CPU = Release|Any CPU
	EndGlobalSection
	GlobalSection(ProjectConfigurationPlatforms) = postSolution
		{96D0FE57-2862-40FB-BEE5-07E8C93B42B9}.Debug|Any CPU.ActiveCfg = Debug|Any CPU
		{96D0FE57-2862-40FB-BEE5-07E8C93B42B9}.Debug|Any CPU.Build.0 = Debug|Any CPU
		{96D0FE57-2862-40FB-BEE5-07E8C93B42B9}.Release|Any CPU.ActiveCfg = Release|Any CPU
		{96D0FE57-2862-40FB-BEE5-07E8C93B42B9}.Release|Any CPU.Build.0 = Release|Any CPU
		{D57C1F43-E5A3-457E-8FC7-D09F74E4955C}.Debug|Any CPU.ActiveCfg = Debug|Any CPU
		{D57C1F43-E5A3-457E-8FC7-D09F74E4955C}.Debug|Any CPU.Build.0 = Debug|Any CPU
		{D57C1F43-E5A3-457E-8FC7-D09F74E4955C}.Release|Any CPU.ActiveCfg = Release|Any CPU
		{D57C1F43-E5A3-457E-8FC7-D09F74E4955C}.Release|Any CPU.Build.0 = Release|Any CPU
	EndGlobalSection
EndGlobal
